// !$*UTF8*$!
{
	archiveVersion = 1;
	classes = {
	};
	objectVersion = 50;
	objects = {

/* Begin PBXBuildFile section */
		4C883BBD2362CA1200BF01CE /* AppDelegate.swift in Sources */ = {isa = PBXBuildFile; fileRef = 4C883BBC2362CA1200BF01CE /* AppDelegate.swift */; };
		4C883BBF2362CA1200BF01CE /* SceneDelegate.swift in Sources */ = {isa = PBXBuildFile; fileRef = 4C883BBE2362CA1200BF01CE /* SceneDelegate.swift */; };
		4C883BC12362CA1200BF01CE /* CalendarViewController.swift in Sources */ = {isa = PBXBuildFile; fileRef = 4C883BC02362CA1200BF01CE /* CalendarViewController.swift */; };
		4C883BC62362CA1400BF01CE /* Assets.xcassets in Resources */ = {isa = PBXBuildFile; fileRef = 4C883BC52362CA1400BF01CE /* Assets.xcassets */; };
		4C883BC92362CA1400BF01CE /* LaunchScreen.storyboard in Resources */ = {isa = PBXBuildFile; fileRef = 4C883BC72362CA1400BF01CE /* LaunchScreen.storyboard */; };
		4C883BD12362CC3400BF01CE /* UIView+anchor.swift in Sources */ = {isa = PBXBuildFile; fileRef = 4C883BD02362CC3400BF01CE /* UIView+anchor.swift */; };
		4C883BD32363CB5A00BF01CE /* DayCollectionViewCell.swift in Sources */ = {isa = PBXBuildFile; fileRef = 4C883BD22363CB5A00BF01CE /* DayCollectionViewCell.swift */; };
		4CDC860F237D9A2E00A34AE8 /* MonthView.swift in Sources */ = {isa = PBXBuildFile; fileRef = 4CDC860E237D9A2E00A34AE8 /* MonthView.swift */; };
		4CE81E32237C5305002B7239 /* WeekdaysView.swift in Sources */ = {isa = PBXBuildFile; fileRef = 4CE81E31237C5305002B7239 /* WeekdaysView.swift */; };
		4CE81E3A237C620F002B7239 /* Date+.swift in Sources */ = {isa = PBXBuildFile; fileRef = 4CE81E39237C620F002B7239 /* Date+.swift */; };
/* End PBXBuildFile section */

/* Begin PBXFileReference section */
		4C883BB92362CA1200BF01CE /* WSSCalendar.app */ = {isa = PBXFileReference; explicitFileType = wrapper.application; includeInIndex = 0; path = WSSCalendar.app; sourceTree = BUILT_PRODUCTS_DIR; };
		4C883BBC2362CA1200BF01CE /* AppDelegate.swift */ = {isa = PBXFileReference; lastKnownFileType = sourcecode.swift; path = AppDelegate.swift; sourceTree = "<group>"; };
		4C883BBE2362CA1200BF01CE /* SceneDelegate.swift */ = {isa = PBXFileReference; lastKnownFileType = sourcecode.swift; path = SceneDelegate.swift; sourceTree = "<group>"; };
		4C883BC02362CA1200BF01CE /* CalendarViewController.swift */ = {isa = PBXFileReference; lastKnownFileType = sourcecode.swift; path = CalendarViewController.swift; sourceTree = "<group>"; };
		4C883BC52362CA1400BF01CE /* Assets.xcassets */ = {isa = PBXFileReference; lastKnownFileType = folder.assetcatalog; path = Assets.xcassets; sourceTree = "<group>"; };
		4C883BC82362CA1400BF01CE /* Base */ = {isa = PBXFileReference; lastKnownFileType = file.storyboard; name = Base; path = Base.lproj/LaunchScreen.storyboard; sourceTree = "<group>"; };
		4C883BCA2362CA1400BF01CE /* Info.plist */ = {isa = PBXFileReference; lastKnownFileType = text.plist.xml; path = Info.plist; sourceTree = "<group>"; };
		4C883BD02362CC3400BF01CE /* UIView+anchor.swift */ = {isa = PBXFileReference; lastKnownFileType = sourcecode.swift; path = "UIView+anchor.swift"; sourceTree = "<group>"; };
		4C883BD22363CB5A00BF01CE /* DayCollectionViewCell.swift */ = {isa = PBXFileReference; lastKnownFileType = sourcecode.swift; path = DayCollectionViewCell.swift; sourceTree = "<group>"; };
		4CDC860E237D9A2E00A34AE8 /* MonthView.swift */ = {isa = PBXFileReference; lastKnownFileType = sourcecode.swift; path = MonthView.swift; sourceTree = "<group>"; };
		4CE81E31237C5305002B7239 /* WeekdaysView.swift */ = {isa = PBXFileReference; lastKnownFileType = sourcecode.swift; path = WeekdaysView.swift; sourceTree = "<group>"; };
		4CE81E39237C620F002B7239 /* Date+.swift */ = {isa = PBXFileReference; lastKnownFileType = sourcecode.swift; path = "Date+.swift"; sourceTree = "<group>"; };
/* End PBXFileReference section */

/* Begin PBXFrameworksBuildPhase section */
		4C883BB62362CA1200BF01CE /* Frameworks */ = {
			isa = PBXFrameworksBuildPhase;
			buildActionMask = 2147483647;
			files = (
			);
			runOnlyForDeploymentPostprocessing = 0;
		};
/* End PBXFrameworksBuildPhase section */

/* Begin PBXGroup section */
		4C883BB02362CA1200BF01CE = {
			isa = PBXGroup;
			children = (
				4C883BBB2362CA1200BF01CE /* WSSCalendar */,
				4C883BBA2362CA1200BF01CE /* Products */,
			);
			sourceTree = "<group>";
		};
		4C883BBA2362CA1200BF01CE /* Products */ = {
			isa = PBXGroup;
			children = (
				4C883BB92362CA1200BF01CE /* WSSCalendar.app */,
			);
			name = Products;
			sourceTree = "<group>";
		};
		4C883BBB2362CA1200BF01CE /* WSSCalendar */ = {
			isa = PBXGroup;
			children = (
				4CE81E38237C6205002B7239 /* Extensions */,
				4CE81E35237C6081002B7239 /* Util */,
				4C883BD62363CB6F00BF01CE /* Model */,
				4C883BD52363CB6B00BF01CE /* Controller */,
				4C883BD42363CB5D00BF01CE /* View */,
				4C883BBC2362CA1200BF01CE /* AppDelegate.swift */,
				4C883BBE2362CA1200BF01CE /* SceneDelegate.swift */,
				4C883BC52362CA1400BF01CE /* Assets.xcassets */,
				4C883BC72362CA1400BF01CE /* LaunchScreen.storyboard */,
				4C883BCA2362CA1400BF01CE /* Info.plist */,
			);
			path = WSSCalendar;
			sourceTree = "<group>";
		};
		4C883BD42363CB5D00BF01CE /* View */ = {
			isa = PBXGroup;
			children = (
				4C883BD22363CB5A00BF01CE /* DayCollectionViewCell.swift */,
				4CE81E31237C5305002B7239 /* WeekdaysView.swift */,
				4CDC860E237D9A2E00A34AE8 /* MonthView.swift */,
			);
			path = View;
			sourceTree = "<group>";
		};
		4C883BD52363CB6B00BF01CE /* Controller */ = {
			isa = PBXGroup;
			children = (
				4C883BC02362CA1200BF01CE /* CalendarViewController.swift */,
			);
			path = Controller;
			sourceTree = "<group>";
		};
		4C883BD62363CB6F00BF01CE /* Model */ = {
			isa = PBXGroup;
			children = (
			);
			path = Model;
			sourceTree = "<group>";
		};
		4CE81E35237C6081002B7239 /* Util */ = {
			isa = PBXGroup;
			children = (
			);
			path = Util;
			sourceTree = "<group>";
		};
		4CE81E38237C6205002B7239 /* Extensions */ = {
			isa = PBXGroup;
			children = (
				4CE81E39237C620F002B7239 /* Date+.swift */,
				4C883BD02362CC3400BF01CE /* UIView+anchor.swift */,
			);
			path = Extensions;
			sourceTree = "<group>";
		};
/* End PBXGroup section */

/* Begin PBXNativeTarget section */
		4C883BB82362CA1200BF01CE /* WSSCalendar */ = {
			isa = PBXNativeTarget;
			buildConfigurationList = 4C883BCD2362CA1400BF01CE /* Build configuration list for PBXNativeTarget "WSSCalendar" */;
			buildPhases = (
				4C883BB52362CA1200BF01CE /* Sources */,
				4C883BB62362CA1200BF01CE /* Frameworks */,
				4C883BB72362CA1200BF01CE /* Resources */,
			);
			buildRules = (
			);
			dependencies = (
			);
			name = WSSCalendar;
			productName = WSSCalendar;
			productReference = 4C883BB92362CA1200BF01CE /* WSSCalendar.app */;
			productType = "com.apple.product-type.application";
		};
/* End PBXNativeTarget section */

/* Begin PBXProject section */
		4C883BB12362CA1200BF01CE /* Project object */ = {
			isa = PBXProject;
			attributes = {
				LastSwiftUpdateCheck = 1110;
				LastUpgradeCheck = 1110;
				ORGANIZATIONNAME = woong;
				TargetAttributes = {
					4C883BB82362CA1200BF01CE = {
						CreatedOnToolsVersion = 11.1;
					};
				};
			};
			buildConfigurationList = 4C883BB42362CA1200BF01CE /* Build configuration list for PBXProject "WSSCalendar" */;
			compatibilityVersion = "Xcode 9.3";
			developmentRegion = en;
			hasScannedForEncodings = 0;
			knownRegions = (
				en,
				Base,
			);
			mainGroup = 4C883BB02362CA1200BF01CE;
			productRefGroup = 4C883BBA2362CA1200BF01CE /* Products */;
			projectDirPath = "";
			projectRoot = "";
			targets = (
				4C883BB82362CA1200BF01CE /* WSSCalendar */,
			);
		};
/* End PBXProject section */

/* Begin PBXResourcesBuildPhase section */
		4C883BB72362CA1200BF01CE /* Resources */ = {
			isa = PBXResourcesBuildPhase;
			buildActionMask = 2147483647;
			files = (
				4C883BC92362CA1400BF01CE /* LaunchScreen.storyboard in Resources */,
				4C883BC62362CA1400BF01CE /* Assets.xcassets in Resources */,
			);
			runOnlyForDeploymentPostprocessing = 0;
		};
/* End PBXResourcesBuildPhase section */

/* Begin PBXSourcesBuildPhase section */
		4C883BB52362CA1200BF01CE /* Sources */ = {
			isa = PBXSourcesBuildPhase;
			buildActionMask = 2147483647;
			files = (
				4CE81E3A237C620F002B7239 /* Date+.swift in Sources */,
				4CDC860F237D9A2E00A34AE8 /* MonthView.swift in Sources */,
				4C883BC12362CA1200BF01CE /* CalendarViewController.swift in Sources */,
				4CE81E32237C5305002B7239 /* WeekdaysView.swift in Sources */,
				4C883BD12362CC3400BF01CE /* UIView+anchor.swift in Sources */,
				4C883BBD2362CA1200BF01CE /* AppDelegate.swift in Sources */,
				4C883BD32363CB5A00BF01CE /* DayCollectionViewCell.swift in Sources */,
				4C883BBF2362CA1200BF01CE /* SceneDelegate.swift in Sources */,
			);
			runOnlyForDeploymentPostprocessing = 0;
		};
/* End PBXSourcesBuildPhase section */

/* Begin PBXVariantGroup section */
		4C883BC72362CA1400BF01CE /* LaunchScreen.storyboard */ = {
			isa = PBXVariantGroup;
			children = (
				4C883BC82362CA1400BF01CE /* Base */,
			);
			name = LaunchScreen.storyboard;
			sourceTree = "<group>";
		};
/* End PBXVariantGroup section */

/* Begin XCBuildConfiguration section */
		4C883BCB2362CA1400BF01CE /* Debug */ = {
			isa = XCBuildConfiguration;
			buildSettings = {
				ALWAYS_SEARCH_USER_PATHS = NO;
				CLANG_ANALYZER_NONNULL = YES;
				CLANG_ANALYZER_NUMBER_OBJECT_CONVERSION = YES_AGGRESSIVE;
				CLANG_CXX_LANGUAGE_STANDARD = "gnu++14";
				CLANG_CXX_LIBRARY = "libc++";
				CLANG_ENABLE_MODULES = YES;
				CLANG_ENABLE_OBJC_ARC = YES;
				CLANG_ENABLE_OBJC_WEAK = YES;
				CLANG_WARN_BLOCK_CAPTURE_AUTORELEASING = YES;
				CLANG_WARN_BOOL_CONVERSION = YES;
				CLANG_WARN_COMMA = YES;
				CLANG_WARN_CONSTANT_CONVERSION = YES;
				CLANG_WARN_DEPRECATED_OBJC_IMPLEMENTATIONS = YES;
				CLANG_WARN_DIRECT_OBJC_ISA_USAGE = YES_ERROR;
				CLANG_WARN_DOCUMENTATION_COMMENTS = YES;
				CLANG_WARN_EMPTY_BODY = YES;
				CLANG_WARN_ENUM_CONVERSION = YES;
				CLANG_WARN_INFINITE_RECURSION = YES;
				CLANG_WARN_INT_CONVERSION = YES;
				CLANG_WARN_NON_LITERAL_NULL_CONVERSION = YES;
				CLANG_WARN_OBJC_IMPLICIT_RETAIN_SELF = YES;
				CLANG_WARN_OBJC_LITERAL_CONVERSION = YES;
				CLANG_WARN_OBJC_ROOT_CLASS = YES_ERROR;
				CLANG_WARN_RANGE_LOOP_ANALYSIS = YES;
				CLANG_WARN_STRICT_PROTOTYPES = YES;
				CLANG_WARN_SUSPICIOUS_MOVE = YES;
				CLANG_WARN_UNGUARDED_AVAILABILITY = YES_AGGRESSIVE;
				CLANG_WARN_UNREACHABLE_CODE = YES;
				CLANG_WARN__DUPLICATE_METHOD_MATCH = YES;
				COPY_PHASE_STRIP = NO;
				DEBUG_INFORMATION_FORMAT = dwarf;
				ENABLE_STRICT_OBJC_MSGSEND = YES;
				ENABLE_TESTABILITY = YES;
				GCC_C_LANGUAGE_STANDARD = gnu11;
				GCC_DYNAMIC_NO_PIC = NO;
				GCC_NO_COMMON_BLOCKS = YES;
				GCC_OPTIMIZATION_LEVEL = 0;
				GCC_PREPROCESSOR_DEFINITIONS = (
					"DEBUG=1",
					"$(inherited)",
				);
				GCC_WARN_64_TO_32_BIT_CONVERSION = YES;
				GCC_WARN_ABOUT_RETURN_TYPE = YES_ERROR;
				GCC_WARN_UNDECLARED_SELECTOR = YES;
				GCC_WARN_UNINITIALIZED_AUTOS = YES_AGGRESSIVE;
				GCC_WARN_UNUSED_FUNCTION = YES;
				GCC_WARN_UNUSED_VARIABLE = YES;
				IPHONEOS_DEPLOYMENT_TARGET = 13.1;
				MTL_ENABLE_DEBUG_INFO = INCLUDE_SOURCE;
				MTL_FAST_MATH = YES;
				ONLY_ACTIVE_ARCH = YES;
				SDKROOT = iphoneos;
				SWIFT_ACTIVE_COMPILATION_CONDITIONS = DEBUG;
				SWIFT_OPTIMIZATION_LEVEL = "-Onone";
			};
			name = Debug;
		};
		4C883BCC2362CA1400BF01CE /* Release */ = {
			isa = XCBuildConfiguration;
			buildSettings = {
				ALWAYS_SEARCH_USER_PATHS = NO;
				CLANG_ANALYZER_NONNULL = YES;
				CLANG_ANALYZER_NUMBER_OBJECT_CONVERSION = YES_AGGRESSIVE;
				CLANG_CXX_LANGUAGE_STANDARD = "gnu++14";
				CLANG_CXX_LIBRARY = "libc++";
				CLANG_ENABLE_MODULES = YES;
				CLANG_ENABLE_OBJC_ARC = YES;
				CLANG_ENABLE_OBJC_WEAK = YES;
				CLANG_WARN_BLOCK_CAPTURE_AUTORELEASING = YES;
				CLANG_WARN_BOOL_CONVERSION = YES;
				CLANG_WARN_COMMA = YES;
				CLANG_WARN_CONSTANT_CONVERSION = YES;
				CLANG_WARN_DEPRECATED_OBJC_IMPLEMENTATIONS = YES;
				CLANG_WARN_DIRECT_OBJC_ISA_USAGE = YES_ERROR;
				CLANG_WARN_DOCUMENTATION_COMMENTS = YES;
				CLANG_WARN_EMPTY_BODY = YES;
				CLANG_WARN_ENUM_CONVERSION = YES;
				CLANG_WARN_INFINITE_RECURSION = YES;
				CLANG_WARN_INT_CONVERSION = YES;
				CLANG_WARN_NON_LITERAL_NULL_CONVERSION = YES;
				CLANG_WARN_OBJC_IMPLICIT_RETAIN_SELF = YES;
				CLANG_WARN_OBJC_LITERAL_CONVERSION = YES;
				CLANG_WARN_OBJC_ROOT_CLASS = YES_ERROR;
				CLANG_WARN_RANGE_LOOP_ANALYSIS = YES;
				CLANG_WARN_STRICT_PROTOTYPES = YES;
				CLANG_WARN_SUSPICIOUS_MOVE = YES;
				CLANG_WARN_UNGUARDED_AVAILABILITY = YES_AGGRESSIVE;
				CLANG_WARN_UNREACHABLE_CODE = YES;
				CLANG_WARN__DUPLICATE_METHOD_MATCH = YES;
				COPY_PHASE_STRIP = NO;
				DEBUG_INFORMATION_FORMAT = "dwarf-with-dsym";
				ENABLE_NS_ASSERTIONS = NO;
				ENABLE_STRICT_OBJC_MSGSEND = YES;
				GCC_C_LANGUAGE_STANDARD = gnu11;
				GCC_NO_COMMON_BLOCKS = YES;
				GCC_WARN_64_TO_32_BIT_CONVERSION = YES;
				GCC_WARN_ABOUT_RETURN_TYPE = YES_ERROR;
				GCC_WARN_UNDECLARED_SELECTOR = YES;
				GCC_WARN_UNINITIALIZED_AUTOS = YES_AGGRESSIVE;
				GCC_WARN_UNUSED_FUNCTION = YES;
				GCC_WARN_UNUSED_VARIABLE = YES;
				IPHONEOS_DEPLOYMENT_TARGET = 13.1;
				MTL_ENABLE_DEBUG_INFO = NO;
				MTL_FAST_MATH = YES;
				SDKROOT = iphoneos;
				SWIFT_COMPILATION_MODE = wholemodule;
				SWIFT_OPTIMIZATION_LEVEL = "-O";
				VALIDATE_PRODUCT = YES;
			};
			name = Release;
		};
		4C883BCE2362CA1400BF01CE /* Debug */ = {
			isa = XCBuildConfiguration;
			buildSettings = {
				ASSETCATALOG_COMPILER_APPICON_NAME = AppIcon;
				CODE_SIGN_STYLE = Automatic;
				INFOPLIST_FILE = WSSCalendar/Info.plist;
				LD_RUNPATH_SEARCH_PATHS = (
					"$(inherited)",
					"@executable_path/Frameworks",
				);
				PRODUCT_BUNDLE_IDENTIFIER = com.woong.WSSCalendar;
				PRODUCT_NAME = "$(TARGET_NAME)";
				SWIFT_VERSION = 5.0;
				TARGETED_DEVICE_FAMILY = "1,2";
			};
			name = Debug;
		};
		4C883BCF2362CA1400BF01CE /* Release */ = {
			isa = XCBuildConfiguration;
			buildSettings = {
				ASSETCATALOG_COMPILER_APPICON_NAME = AppIcon;
				CODE_SIGN_STYLE = Automatic;
				INFOPLIST_FILE = WSSCalendar/Info.plist;
				LD_RUNPATH_SEARCH_PATHS = (
					"$(inherited)",
					"@executable_path/Frameworks",
				);
				PRODUCT_BUNDLE_IDENTIFIER = com.woong.WSSCalendar;
				PRODUCT_NAME = "$(TARGET_NAME)";
				SWIFT_VERSION = 5.0;
				TARGETED_DEVICE_FAMILY = "1,2";
			};
			name = Release;
		};
/* End XCBuildConfiguration section */

/* Begin XCConfigurationList section */
		4C883BB42362CA1200BF01CE /* Build configuration list for PBXProject "WSSCalendar" */ = {
			isa = XCConfigurationList;
			buildConfigurations = (
				4C883BCB2362CA1400BF01CE /* Debug */,
				4C883BCC2362CA1400BF01CE /* Release */,
			);
			defaultConfigurationIsVisible = 0;
			defaultConfigurationName = Release;
		};
		4C883BCD2362CA1400BF01CE /* Build configuration list for PBXNativeTarget "WSSCalendar" */ = {
			isa = XCConfigurationList;
			buildConfigurations = (
				4C883BCE2362CA1400BF01CE /* Debug */,
				4C883BCF2362CA1400BF01CE /* Release */,
			);
			defaultConfigurationIsVisible = 0;
			defaultConfigurationName = Release;
		};
/* End XCConfigurationList section */
	};
	rootObject = 4C883BB12362CA1200BF01CE /* Project object */;
}
